
Microsoft Visual Studio Solution File, Format Version 12.00
# Visual Studio Version 17
VisualStudioVersion = 17.8.34408.163
MinimumVisualStudioVersion = 10.0.40219.1
Project("{FAE04EC0-301F-11D3-BF4B-00C04F79EFBC}") = "TEST APP", "TEST APP\TEST APP.csproj", "{E9490B6A-C783-473C-8C75-28747FF9B9FE}"
EndProject
Global
	GlobalSection(SolutionConfigurationPlatforms) = preSolution
		Debug|Any CPU = Debug|Any CPU
		Release|Any CPU = Release|Any CPU
	EndGlobalSection
	GlobalSection(ProjectConfigurationPlatforms) = postSolution
		{E9490B6A-C783-473C-8C75-28747FF9B9FE}.Debug|Any CPU.ActiveCfg = Debug|Any CPU
		{E9490B6A-C783-473C-8C75-28747FF9B9FE}.Debug|Any CPU.Build.0 = Debug|Any CPU
		{E9490B6A-C783-473C-8C75-28747FF9B9FE}.Release|Any CPU.ActiveCfg = Release|Any CPU
		{E9490B6A-C783-473C-8C75-28747FF9B9FE}.Release|Any CPU.Build.0 = Release|Any CPU
	EndGlobalSection
	GlobalSection(SolutionProperties) = preSolution
		HideSolutionNode = FALSE
	EndGlobalSection
	GlobalSection(ExtensibilityGlobals) = postSolution
		SolutionGuid = {A8D6F365-ABEE-4B12-86F8-D50EF82698F5}
	EndGlobalSection
EndGlobal
